
Microsoft Visual Studio Solution File, Format Version 12.00
# Visual Studio 2013
VisualStudioVersion = 12.0.31101.0
MinimumVisualStudioVersion = 10.0.40219.1
Project("{FAE04EC0-301F-11D3-BF4B-00C04F79EFBC}") = "Tutorium 6", "Tutorium 6\Tutorium 6.csproj", "{89660FE8-3BC3-45AF-ADD6-BCBF564E1400}"
EndProject
Project("{FAE04EC0-301F-11D3-BF4B-00C04F79EFBC}") = "Account", "Account\Account.csproj", "{3D7E936D-674F-44C4-B8D7-6043296D23B7}"
EndProject
Global
	GlobalSection(SolutionConfigurationPlatforms) = preSolution
		Debug|Any CPU = Debug|Any CPU
		Release|Any CPU = Release|Any CPU
	EndGlobalSection
	GlobalSection(ProjectConfigurationPlatforms) = postSolution
		{89660FE8-3BC3-45AF-ADD6-BCBF564E1400}.Debug|Any CPU.ActiveCfg = Debug|Any CPU
		{89660FE8-3BC3-45AF-ADD6-BCBF564E1400}.Debug|Any CPU.Build.0 = Debug|Any CPU
		{89660FE8-3BC3-45AF-ADD6-BCBF564E1400}.Release|Any CPU.ActiveCfg = Release|Any CPU
		{89660FE8-3BC3-45AF-ADD6-BCBF564E1400}.Release|Any CPU.Build.0 = Release|Any CPU
		{3D7E936D-674F-44C4-B8D7-6043296D23B7}.Debug|Any CPU.ActiveCfg = Debug|Any CPU
		{3D7E936D-674F-44C4-B8D7-6043296D23B7}.Debug|Any CPU.Build.0 = Debug|Any CPU
		{3D7E936D-674F-44C4-B8D7-6043296D23B7}.Release|Any CPU.ActiveCfg = Release|Any CPU
		{3D7E936D-674F-44C4-B8D7-6043296D23B7}.Release|Any CPU.Build.0 = Release|Any CPU
	EndGlobalSection
	GlobalSection(SolutionProperties) = preSolution
		HideSolutionNode = FALSE
	EndGlobalSection
EndGlobal
